
Microsoft Visual Studio Solution File, Format Version 12.00
# Visual Studio Version 17
VisualStudioVersion = 17.13.35931.197
MinimumVisualStudioVersion = 10.0.40219.1
Project("{FAE04EC0-301F-11D3-BF4B-00C04F79EFBC}") = "FilamentBossWebApp", "FilamentBossWebApp\FilamentBossWebApp.csproj", "{DA1F8E26-D594-4973-845E-BA3D2282DAC6}"
EndProject
Global
	GlobalSection(SolutionConfigurationPlatforms) = preSolution
		Debug|Any CPU = Debug|Any CPU
		Release|Any CPU = Release|Any CPU
	EndGlobalSection
	GlobalSection(ProjectConfigurationPlatforms) = postSolution
		{DA1F8E26-D594-4973-845E-BA3D2282DAC6}.Debug|Any CPU.ActiveCfg = Debug|Any CPU
		{DA1F8E26-D594-4973-845E-BA3D2282DAC6}.Debug|Any CPU.Build.0 = Debug|Any CPU
		{DA1F8E26-D594-4973-845E-BA3D2282DAC6}.Release|Any CPU.ActiveCfg = Release|Any CPU
		{DA1F8E26-D594-4973-845E-BA3D2282DAC6}.Release|Any CPU.Build.0 = Release|Any CPU
	EndGlobalSection
	GlobalSection(SolutionProperties) = preSolution
		HideSolutionNode = FALSE
	EndGlobalSection
	GlobalSection(ExtensibilityGlobals) = postSolution
		SolutionGuid = {F6537C57-BD3B-44BD-853C-87138A1D4705}
	EndGlobalSection
EndGlobal
